Microsoft Visual Studio Solution File, Format Version 12.00
# Visual Studio Version 17
VisualStudioVersion = 17.5.2.0
MinimumVisualStudioVersion = 10.0.40219.1
Project("{2150E333-8FDC-42A3-9474-1A3956D46DE8}") = "backend", "backend", "{1AE8ACA6-933B-BF2A-3671-3E2EAC007D16}"
EndProject
Project("{2150E333-8FDC-42A3-9474-1A3956D46DE8}") = "dotnet", "dotnet", "{E88F20B6-B27F-3B19-BD54-AA1B9D317BA4}"
EndProject
Project("{FAE04EC0-301F-11D3-BF4B-00C04F79EFBC}") = "Iconstruction.Api", "backend\dotnet\Iconstruction.Api\Iconstruction.Api.csproj", "{B3AF7340-2929-40E3-2DCB-B864DD10C6F5}"
EndProject
Global
	GlobalSection(SolutionConfigurationPlatforms) = preSolution
		Debug|Any CPU = Debug|Any CPU
		Release|Any CPU = Release|Any CPU
	EndGlobalSection
	GlobalSection(ProjectConfigurationPlatforms) = postSolution
		{B3AF7340-2929-40E3-2DCB-B864DD10C6F5}.Debug|Any CPU.ActiveCfg = Debug|Any CPU
		{B3AF7340-2929-40E3-2DCB-B864DD10C6F5}.Debug|Any CPU.Build.0 = Debug|Any CPU
		{B3AF7340-2929-40E3-2DCB-B864DD10C6F5}.Release|Any CPU.ActiveCfg = Release|Any CPU
		{B3AF7340-2929-40E3-2DCB-B864DD10C6F5}.Release|Any CPU.Build.0 = Release|Any CPU
	EndGlobalSection
	GlobalSection(SolutionProperties) = preSolution
		HideSolutionNode = FALSE
	EndGlobalSection
	GlobalSection(NestedProjects) = preSolution
		{E88F20B6-B27F-3B19-BD54-AA1B9D317BA4} = {1AE8ACA6-933B-BF2A-3671-3E2EAC007D16}
		{B3AF7340-2929-40E3-2DCB-B864DD10C6F5} = {E88F20B6-B27F-3B19-BD54-AA1B9D317BA4}
	EndGlobalSection
	GlobalSection(ExtensibilityGlobals) = postSolution
		SolutionGuid = {1BF09E72-0FE8-4647-B291-05CFD8E90377}
	EndGlobalSection
EndGlobal
